
Microsoft Visual Studio Solution File, Format Version 12.00
# Visual Studio Version 17
VisualStudioVersion = 17.9.34728.123
MinimumVisualStudioVersion = 10.0.40219.1
Project("{FAE04EC0-301F-11D3-BF4B-00C04F79EFBC}") = "HW7_Reflection", "HW7_Reflection\HW7_Reflection.csproj", "{D02623CA-7F74-49B9-96B1-9353BF2A219A}"
EndProject
Global
	GlobalSection(SolutionConfigurationPlatforms) = preSolution
		Debug|Any CPU = Debug|Any CPU
		Release|Any CPU = Release|Any CPU
	EndGlobalSection
	GlobalSection(ProjectConfigurationPlatforms) = postSolution
		{D02623CA-7F74-49B9-96B1-9353BF2A219A}.Debug|Any CPU.ActiveCfg = Debug|Any CPU
		{D02623CA-7F74-49B9-96B1-9353BF2A219A}.Debug|Any CPU.Build.0 = Debug|Any CPU
		{D02623CA-7F74-49B9-96B1-9353BF2A219A}.Release|Any CPU.ActiveCfg = Release|Any CPU
		{D02623CA-7F74-49B9-96B1-9353BF2A219A}.Release|Any CPU.Build.0 = Release|Any CPU
	EndGlobalSection
	GlobalSection(SolutionProperties) = preSolution
		HideSolutionNode = FALSE
	EndGlobalSection
	GlobalSection(ExtensibilityGlobals) = postSolution
		SolutionGuid = {4065005A-3FA4-4EF9-AC7A-95C02E481746}
	EndGlobalSection
EndGlobal
