
Microsoft Visual Studio Solution File, Format Version 12.00
# Visual Studio Version 17
VisualStudioVersion = 17.9.34622.214
MinimumVisualStudioVersion = 10.0.40219.1
Project("{FAE04EC0-301F-11D3-BF4B-00C04F79EFBC}") = "HW4", "HW4\HW4.csproj", "{7FFCEF93-B5B1-4B47-8390-6A202AD95E74}"
EndProject
Global
	GlobalSection(SolutionConfigurationPlatforms) = preSolution
		Debug|Any CPU = Debug|Any CPU
		Release|Any CPU = Release|Any CPU
	EndGlobalSection
	GlobalSection(ProjectConfigurationPlatforms) = postSolution
		{7FFCEF93-B5B1-4B47-8390-6A202AD95E74}.Debug|Any CPU.ActiveCfg = Debug|Any CPU
		{7FFCEF93-B5B1-4B47-8390-6A202AD95E74}.Debug|Any CPU.Build.0 = Debug|Any CPU
		{7FFCEF93-B5B1-4B47-8390-6A202AD95E74}.Release|Any CPU.ActiveCfg = Release|Any CPU
		{7FFCEF93-B5B1-4B47-8390-6A202AD95E74}.Release|Any CPU.Build.0 = Release|Any CPU
	EndGlobalSection
	GlobalSection(SolutionProperties) = preSolution
		HideSolutionNode = FALSE
	EndGlobalSection
	GlobalSection(ExtensibilityGlobals) = postSolution
		SolutionGuid = {6873DEFF-3E51-405C-84D3-29C6AF9BC315}
	EndGlobalSection
EndGlobal
